{
  "name": "collageengine",
  "version": "1.0.0",
  "lockfileVersion": 3,
  "requires": true,
  "packages": {
    "": {
      "name": "collageengine",
      "version": "1.0.0",
      "dependencies": {
        "react": "^19.2.8",
        "react-dom": "^19.2.8"
      },
      "devDependencies": {
        "@vitejs/plugin-react": "^6.1.1",
        "vite": "^8.3.0"
      }
    }
  }
}
